
Microsoft Visual Studio Solution File, Format Version 12.00
# Visual Studio Version 17
VisualStudioVersion = 17.5.33414.496
MinimumVisualStudioVersion = 10.0.40219.1
Project("{FAE04EC0-301F-11D3-BF4B-00C04F79EFBC}") = "Алфовит", "Алфовит\Алфовит.csproj", "{24132F0E-41BB-43CC-BB27-C87576158CDF}"
EndProject
Global
	GlobalSection(SolutionConfigurationPlatforms) = preSolution
		Debug|Any CPU = Debug|Any CPU
		Release|Any CPU = Release|Any CPU
	EndGlobalSection
	GlobalSection(ProjectConfigurationPlatforms) = postSolution
		{24132F0E-41BB-43CC-BB27-C87576158CDF}.Debug|Any CPU.ActiveCfg = Debug|Any CPU
		{24132F0E-41BB-43CC-BB27-C87576158CDF}.Debug|Any CPU.Build.0 = Debug|Any CPU
		{24132F0E-41BB-43CC-BB27-C87576158CDF}.Release|Any CPU.ActiveCfg = Release|Any CPU
		{24132F0E-41BB-43CC-BB27-C87576158CDF}.Release|Any CPU.Build.0 = Release|Any CPU
	EndGlobalSection
	GlobalSection(SolutionProperties) = preSolution
		HideSolutionNode = FALSE
	EndGlobalSection
	GlobalSection(ExtensibilityGlobals) = postSolution
		SolutionGuid = {E621378B-44CD-46C8-B8EA-76648E10C4AA}
	EndGlobalSection
EndGlobal
